
Microsoft Visual Studio Solution File, Format Version 12.00
# Visual Studio 15
VisualStudioVersion = 15.0.28307.271
MinimumVisualStudioVersion = 10.0.40219.1
Project("{FAE04EC0-301F-11D3-BF4B-00C04F79EFBC}") = "WPFTranslator", "WPFTranslator\WPFTranslator.csproj", "{1AF5C49E-7F68-4B1D-B736-4A67BEBDB0D5}"
EndProject
Global
	GlobalSection(SolutionConfigurationPlatforms) = preSolution
		Debug|Any CPU = Debug|Any CPU
		Release|Any CPU = Release|Any CPU
	EndGlobalSection
	GlobalSection(ProjectConfigurationPlatforms) = postSolution
		{1AF5C49E-7F68-4B1D-B736-4A67BEBDB0D5}.Debug|Any CPU.ActiveCfg = Debug|Any CPU
		{1AF5C49E-7F68-4B1D-B736-4A67BEBDB0D5}.Debug|Any CPU.Build.0 = Debug|Any CPU
		{1AF5C49E-7F68-4B1D-B736-4A67BEBDB0D5}.Release|Any CPU.ActiveCfg = Release|Any CPU
		{1AF5C49E-7F68-4B1D-B736-4A67BEBDB0D5}.Release|Any CPU.Build.0 = Release|Any CPU
	EndGlobalSection
	GlobalSection(SolutionProperties) = preSolution
		HideSolutionNode = FALSE
	EndGlobalSection
	GlobalSection(ExtensibilityGlobals) = postSolution
		SolutionGuid = {CD013CBF-A032-43D6-B6C4-134DCAA4C657}
	EndGlobalSection
EndGlobal
